
Microsoft Visual Studio Solution File, Format Version 12.00
# Visual Studio 15
VisualStudioVersion = 15.0.28307.168
MinimumVisualStudioVersion = 10.0.40219.1
Project("{FAE04EC0-301F-11D3-BF4B-00C04F79EFBC}") = "Assignment3", "Assignment3\Assignment3.csproj", "{D9602003-4545-430B-A1F8-8EC7B6D12E18}"
EndProject
Global
	GlobalSection(SolutionConfigurationPlatforms) = preSolution
		Debug|Any CPU = Debug|Any CPU
		Release|Any CPU = Release|Any CPU
	EndGlobalSection
	GlobalSection(ProjectConfigurationPlatforms) = postSolution
		{D9602003-4545-430B-A1F8-8EC7B6D12E18}.Debug|Any CPU.ActiveCfg = Debug|Any CPU
		{D9602003-4545-430B-A1F8-8EC7B6D12E18}.Debug|Any CPU.Build.0 = Debug|Any CPU
		{D9602003-4545-430B-A1F8-8EC7B6D12E18}.Release|Any CPU.ActiveCfg = Release|Any CPU
		{D9602003-4545-430B-A1F8-8EC7B6D12E18}.Release|Any CPU.Build.0 = Release|Any CPU
	EndGlobalSection
	GlobalSection(SolutionProperties) = preSolution
		HideSolutionNode = FALSE
	EndGlobalSection
	GlobalSection(ExtensibilityGlobals) = postSolution
		SolutionGuid = {E05C9ADB-4872-4AB7-93F0-1510A6CCC830}
	EndGlobalSection
EndGlobal
