
Microsoft Visual Studio Solution File, Format Version 12.00
# Visual Studio 15
VisualStudioVersion = 15.0.28307.168
MinimumVisualStudioVersion = 10.0.40219.1
Project("{FAE04EC0-301F-11D3-BF4B-00C04F79EFBC}") = "Assignment2", "Assignment2\Assignment2.csproj", "{ABA79785-542A-4491-ABAE-89A129AD6789}"
EndProject
Project("{FAE04EC0-301F-11D3-BF4B-00C04F79EFBC}") = "InfoControlV1", "InfoControlV1\InfoControlV1.csproj", "{CD9442C4-4107-48C4-924A-39DED3AEB523}"
EndProject
Project("{FAE04EC0-301F-11D3-BF4B-00C04F79EFBC}") = "InfoControlV2", "InfoControlV2\InfoControlV2.csproj", "{84C8A541-5AF3-4F3C-ADC5-81D6F495BD5F}"
EndProject
Global
	GlobalSection(SolutionConfigurationPlatforms) = preSolution
		Debug|Any CPU = Debug|Any CPU
		Release|Any CPU = Release|Any CPU
	EndGlobalSection
	GlobalSection(ProjectConfigurationPlatforms) = postSolution
		{ABA79785-542A-4491-ABAE-89A129AD6789}.Debug|Any CPU.ActiveCfg = Debug|Any CPU
		{ABA79785-542A-4491-ABAE-89A129AD6789}.Debug|Any CPU.Build.0 = Debug|Any CPU
		{ABA79785-542A-4491-ABAE-89A129AD6789}.Release|Any CPU.ActiveCfg = Release|Any CPU
		{ABA79785-542A-4491-ABAE-89A129AD6789}.Release|Any CPU.Build.0 = Release|Any CPU
		{CD9442C4-4107-48C4-924A-39DED3AEB523}.Debug|Any CPU.ActiveCfg = Debug|Any CPU
		{CD9442C4-4107-48C4-924A-39DED3AEB523}.Debug|Any CPU.Build.0 = Debug|Any CPU
		{CD9442C4-4107-48C4-924A-39DED3AEB523}.Release|Any CPU.ActiveCfg = Release|Any CPU
		{CD9442C4-4107-48C4-924A-39DED3AEB523}.Release|Any CPU.Build.0 = Release|Any CPU
		{84C8A541-5AF3-4F3C-ADC5-81D6F495BD5F}.Debug|Any CPU.ActiveCfg = Debug|Any CPU
		{84C8A541-5AF3-4F3C-ADC5-81D6F495BD5F}.Debug|Any CPU.Build.0 = Debug|Any CPU
		{84C8A541-5AF3-4F3C-ADC5-81D6F495BD5F}.Release|Any CPU.ActiveCfg = Release|Any CPU
		{84C8A541-5AF3-4F3C-ADC5-81D6F495BD5F}.Release|Any CPU.Build.0 = Release|Any CPU
	EndGlobalSection
	GlobalSection(SolutionProperties) = preSolution
		HideSolutionNode = FALSE
	EndGlobalSection
	GlobalSection(ExtensibilityGlobals) = postSolution
		SolutionGuid = {ADB86ABF-C363-43DB-B68E-BD5DA60D1C1B}
	EndGlobalSection
EndGlobal
